
Microsoft Visual Studio Solution File, Format Version 12.00
# Visual Studio Version 17
VisualStudioVersion = 17.5.33516.290
MinimumVisualStudioVersion = 10.0.40219.1
Project("{FAE04EC0-301F-11D3-BF4B-00C04F79EFBC}") = "ConsoleAppSelenium", "ConsoleAppSelenium\ConsoleAppSelenium.csproj", "{941A2691-1871-4C2E-86A5-8C8D4D5FBA98}"
EndProject
Global
	GlobalSection(SolutionConfigurationPlatforms) = preSolution
		Debug|Any CPU = Debug|Any CPU
		Release|Any CPU = Release|Any CPU
	EndGlobalSection
	GlobalSection(ProjectConfigurationPlatforms) = postSolution
		{941A2691-1871-4C2E-86A5-8C8D4D5FBA98}.Debug|Any CPU.ActiveCfg = Debug|Any CPU
		{941A2691-1871-4C2E-86A5-8C8D4D5FBA98}.Debug|Any CPU.Build.0 = Debug|Any CPU
		{941A2691-1871-4C2E-86A5-8C8D4D5FBA98}.Release|Any CPU.ActiveCfg = Release|Any CPU
		{941A2691-1871-4C2E-86A5-8C8D4D5FBA98}.Release|Any CPU.Build.0 = Release|Any CPU
	EndGlobalSection
	GlobalSection(SolutionProperties) = preSolution
		HideSolutionNode = FALSE
	EndGlobalSection
	GlobalSection(ExtensibilityGlobals) = postSolution
		SolutionGuid = {A55F6D95-9570-4A7E-A986-43D744DF4063}
	EndGlobalSection
EndGlobal
